
Microsoft Visual Studio Solution File, Format Version 12.00
# Visual Studio Version 16
VisualStudioVersion = 16.0.28917.181
MinimumVisualStudioVersion = 10.0.40219.1
Project("{FAE04EC0-301F-11D3-BF4B-00C04F79EFBC}") = "Clubest.App", "Clubest\Clubest.App.csproj", "{A7038DA5-34BF-4926-ACFE-1D6E7750A2B8}"
EndProject
Project("{FAE04EC0-301F-11D3-BF4B-00C04F79EFBC}") = "Clubest.Data", "Clubest.Data\Clubest.Data.csproj", "{C3C34778-0461-450F-9593-C6FC91287EE9}"
EndProject
Project("{FAE04EC0-301F-11D3-BF4B-00C04F79EFBC}") = "Clubest.Domain", "Clubest.Domain\Clubest.Domain.csproj", "{4D141589-46F8-41F0-812B-8D3C47F56A84}"
EndProject
Project("{FAE04EC0-301F-11D3-BF4B-00C04F79EFBC}") = "Clubest.Common", "Clubest.Common\Clubest.Common.csproj", "{1D1A76B7-C344-4B83-B29E-34784B670D2A}"
EndProject
Project("{FAE04EC0-301F-11D3-BF4B-00C04F79EFBC}") = "Clubest.Tests", "Clubest.Tests\Clubest.Tests.csproj", "{0303AF3F-A283-4C34-8B19-8C7852E9CB57}"
EndProject
Global
	GlobalSection(SolutionConfigurationPlatforms) = preSolution
		Debug|Any CPU = Debug|Any CPU
		Release|Any CPU = Release|Any CPU
	EndGlobalSection
	GlobalSection(ProjectConfigurationPlatforms) = postSolution
		{A7038DA5-34BF-4926-ACFE-1D6E7750A2B8}.Debug|Any CPU.ActiveCfg = Debug|Any CPU
		{A7038DA5-34BF-4926-ACFE-1D6E7750A2B8}.Debug|Any CPU.Build.0 = Debug|Any CPU
		{A7038DA5-34BF-4926-ACFE-1D6E7750A2B8}.Release|Any CPU.ActiveCfg = Release|Any CPU
		{A7038DA5-34BF-4926-ACFE-1D6E7750A2B8}.Release|Any CPU.Build.0 = Release|Any CPU
		{C3C34778-0461-450F-9593-C6FC91287EE9}.Debug|Any CPU.ActiveCfg = Debug|Any CPU
		{C3C34778-0461-450F-9593-C6FC91287EE9}.Debug|Any CPU.Build.0 = Debug|Any CPU
		{C3C34778-0461-450F-9593-C6FC91287EE9}.Release|Any CPU.ActiveCfg = Release|Any CPU
		{C3C34778-0461-450F-9593-C6FC91287EE9}.Release|Any CPU.Build.0 = Release|Any CPU
		{4D141589-46F8-41F0-812B-8D3C47F56A84}.Debug|Any CPU.ActiveCfg = Debug|Any CPU
		{4D141589-46F8-41F0-812B-8D3C47F56A84}.Debug|Any CPU.Build.0 = Debug|Any CPU
		{4D141589-46F8-41F0-812B-8D3C47F56A84}.Release|Any CPU.ActiveCfg = Release|Any CPU
		{4D141589-46F8-41F0-812B-8D3C47F56A84}.Release|Any CPU.Build.0 = Release|Any CPU
		{1D1A76B7-C344-4B83-B29E-34784B670D2A}.Debug|Any CPU.ActiveCfg = Debug|Any CPU
		{1D1A76B7-C344-4B83-B29E-34784B670D2A}.Debug|Any CPU.Build.0 = Debug|Any CPU
		{1D1A76B7-C344-4B83-B29E-34784B670D2A}.Release|Any CPU.ActiveCfg = Release|Any CPU
		{1D1A76B7-C344-4B83-B29E-34784B670D2A}.Release|Any CPU.Build.0 = Release|Any CPU
		{0303AF3F-A283-4C34-8B19-8C7852E9CB57}.Debug|Any CPU.ActiveCfg = Debug|Any CPU
		{0303AF3F-A283-4C34-8B19-8C7852E9CB57}.Debug|Any CPU.Build.0 = Debug|Any CPU
		{0303AF3F-A283-4C34-8B19-8C7852E9CB57}.Release|Any CPU.ActiveCfg = Release|Any CPU
		{0303AF3F-A283-4C34-8B19-8C7852E9CB57}.Release|Any CPU.Build.0 = Release|Any CPU
	EndGlobalSection
	GlobalSection(SolutionProperties) = preSolution
		HideSolutionNode = FALSE
	EndGlobalSection
	GlobalSection(ExtensibilityGlobals) = postSolution
		SolutionGuid = {FCC33E8B-2229-48A3-99EF-25D6B5ABA16E}
	EndGlobalSection
EndGlobal
